lockfileVersion: 5.4

specifiers:
  '@norniras/hive-agent': ^2.0.4
  csv-parser: ^3.0.0
  dotenv: ^16.0.3
  ws: ^8.12.1

dependencies:
  '@norniras/hive-agent': 2.0.4_ws@8.12.1
  csv-parser: 3.0.0
  dotenv: 16.0.3
  ws: 8.12.1

packages:

  /@norniras/hive-agent/2.0.4_ws@8.12.1:
    resolution: {integrity: sha512-VXQGLQVnON1mvUseIAjB+w/K84SMxuLoYCCMI3llTv4LbitvrN7ORki1s4FYKeOA5GiXE/TaMoqDnnHYmiOadw==}
    dependencies:
      cross-fetch: 3.1.5
      isomorphic-ws: 5.0.0_ws@8.12.1
    transitivePeerDependencies:
      - encoding
      - ws
    dev: false

  /cross-fetch/3.1.5:
    resolution: {integrity: sha512-lvb1SBsI0Z7GDwmuid+mU3kWVBwTVUbe7S0H52yaaAdQOXq2YktTCZdlAcNKFzE6QtRz0snpw9bNiPeOIkkQvw==}
    dependencies:
      node-fetch: 2.6.7
    transitivePeerDependencies:
      - encoding
    dev: false

  /csv-parser/3.0.0:
    resolution: {integrity: sha512-s6OYSXAK3IdKqYO33y09jhypG/bSDHPuyCme/IdEHfWpLf/jKcpitVFyOC6UemgGk8v7Q5u2XE0vvwmanxhGlQ==}
    engines: {node: '>= 10'}
    hasBin: true
    dependencies:
      minimist: 1.2.8
    dev: false

  /dotenv/16.0.3:
    resolution: {integrity: sha512-7GO6HghkA5fYG9TYnNxi14/7K9f5occMlp3zXAuSxn7CKCxt9xbNWG7yF8hTCSUchlfWSe3uLmlPfigevRItzQ==}
    engines: {node: '>=12'}
    dev: false

  /isomorphic-ws/5.0.0_ws@8.12.1:
    resolution: {integrity: sha512-muId7Zzn9ywDsyXgTIafTry2sV3nySZeUDe6YedVd1Hvuuep5AsIlqK+XefWpYTyJG5e503F2xIuT2lcU6rCSw==}
    peerDependencies:
      ws: '*'
    dependencies:
      ws: 8.12.1
    dev: false

  /minimist/1.2.8:
    resolution: {integrity: sha512-2yyAR8qBkN3YuheJanUpWC5U3bb5osDywNB8RzDVlDwDHbocAJveqqj1u8+SVD7jkWT4yvsHCpWqqWqAxb0zCA==}
    dev: false

  /node-fetch/2.6.7:
    resolution: {integrity: sha512-ZjMPFEfVx5j+y2yF35Kzx5sF7kDzxuDj6ziH4FFbOp87zKDZNx8yExJIb05OGF4Nlt9IHFIMBkRl41VdvcNdbQ==}
    engines: {node: 4.x || >=6.0.0}
    peerDependencies:
      encoding: ^0.1.0
    peerDependenciesMeta:
      encoding:
        optional: true
    dependencies:
      whatwg-url: 5.0.0
    dev: false

  /tr46/0.0.3:
    resolution: {integrity: sha512-N3WMsuqV66lT30CrXNbEjx4GEwlow3v6rr4mCcv6prnfwhS01rkgyFdjPNBYd9br7LpXV1+Emh01fHnq2Gdgrw==}
    dev: false

  /webidl-conversions/3.0.1:
    resolution: {integrity: sha512-2JAn3z8AR6rjK8Sm8orRC0h/bcl/DqL7tRPdGZ4I1CjdF+EaMLmYxBHyXuKL849eucPFhvBoxMsflfOb8kxaeQ==}
    dev: false

  /whatwg-url/5.0.0:
    resolution: {integrity: sha512-saE57nupxk6v3HY35+jzBwYa0rKSy0XR8JSxZPwgLr7ys0IBzhGviA1/TUGJLmSVqs8pb9AnvICXEuOHLprYTw==}
    dependencies:
      tr46: 0.0.3
      webidl-conversions: 3.0.1
    dev: false

  /ws/8.12.1:
    resolution: {integrity: sha512-1qo+M9Ba+xNhPB+YTWUlK6M17brTut5EXbcBaMRN5pH5dFrXz7lzz1ChFSUq3bOUl8yEvSenhHmYUNJxFzdJew==}
    engines: {node: '>=10.0.0'}
    peerDependencies:
      bufferutil: ^4.0.1
      utf-8-validate: '>=5.0.2'
    peerDependenciesMeta:
      bufferutil:
        optional: true
      utf-8-validate:
        optional: true
    dev: false
